
Microsoft Visual Studio Solution File, Format Version 12.00
# Visual Studio Version 17
VisualStudioVersion = 17.5.33424.131
MinimumVisualStudioVersion = 10.0.40219.1
Project("{FAE04EC0-301F-11D3-BF4B-00C04F79EFBC}") = "MultichatApplication", "MultichatApplication.csproj", "{CF192A79-FD68-4503-9986-BD5889043A70}"
EndProject
Global
	GlobalSection(SolutionConfigurationPlatforms) = preSolution
		Debug|Any CPU = Debug|Any CPU
		Release|Any CPU = Release|Any CPU
	EndGlobalSection
	GlobalSection(ProjectConfigurationPlatforms) = postSolution
		{CF192A79-FD68-4503-9986-BD5889043A70}.Debug|Any CPU.ActiveCfg = Debug|Any CPU
		{CF192A79-FD68-4503-9986-BD5889043A70}.Debug|Any CPU.Build.0 = Debug|Any CPU
		{CF192A79-FD68-4503-9986-BD5889043A70}.Release|Any CPU.ActiveCfg = Release|Any CPU
		{CF192A79-FD68-4503-9986-BD5889043A70}.Release|Any CPU.Build.0 = Release|Any CPU
	EndGlobalSection
	GlobalSection(SolutionProperties) = preSolution
		HideSolutionNode = FALSE
	EndGlobalSection
	GlobalSection(ExtensibilityGlobals) = postSolution
		SolutionGuid = {24DFF349-E5D5-41DF-9C92-33CC33A6C4EF}
	EndGlobalSection
EndGlobal
